
Microsoft Visual Studio Solution File, Format Version 12.00
# Visual Studio Version 16
VisualStudioVersion = 16.0.31624.102
MinimumVisualStudioVersion = 10.0.40219.1
Project("{FAE04EC0-301F-11D3-BF4B-00C04F79EFBC}") = "PuntodeVenta2", "PuntodeVenta2\PuntodeVenta2.csproj", "{8DDFF25F-7077-4736-8BAE-8E0D1FFA586D}"
EndProject
Global
	GlobalSection(SolutionConfigurationPlatforms) = preSolution
		Debug|Any CPU = Debug|Any CPU
		Release|Any CPU = Release|Any CPU
	EndGlobalSection
	GlobalSection(ProjectConfigurationPlatforms) = postSolution
		{8DDFF25F-7077-4736-8BAE-8E0D1FFA586D}.Debug|Any CPU.ActiveCfg = Debug|Any CPU
		{8DDFF25F-7077-4736-8BAE-8E0D1FFA586D}.Debug|Any CPU.Build.0 = Debug|Any CPU
		{8DDFF25F-7077-4736-8BAE-8E0D1FFA586D}.Release|Any CPU.ActiveCfg = Release|Any CPU
		{8DDFF25F-7077-4736-8BAE-8E0D1FFA586D}.Release|Any CPU.Build.0 = Release|Any CPU
	EndGlobalSection
	GlobalSection(SolutionProperties) = preSolution
		HideSolutionNode = FALSE
	EndGlobalSection
	GlobalSection(ExtensibilityGlobals) = postSolution
		SolutionGuid = {65A75D02-313D-47E6-BC83-859874CB85E8}
	EndGlobalSection
EndGlobal
